// !$*UTF8*$!
{
	archiveVersion = 1;
	classes = {
	};
	objectVersion = 56;
	objects = {

/* Begin PBXBuildFile section */
		7E7CE6F329855E870088387E /* PlaceAnnotation.swift in Sources */ = {isa = PBXBuildFile; fileRef = 7E7CE6F229855E870088387E /* PlaceAnnotation.swift */; };
		7E7CE6F9298560DC0088387E /* CLLocation+Extension.swift in Sources */ = {isa = PBXBuildFile; fileRef = 7E7CE6F8298560DC0088387E /* CLLocation+Extension.swift */; };
		7E7CE6FC298566830088387E /* PlacesTableViewController.swift in Sources */ = {isa = PBXBuildFile; fileRef = 7E7CE6FB298566830088387E /* PlacesTableViewController.swift */; };
		7E7CE6FE298579A00088387E /* PlaceDetailViewController.swift in Sources */ = {isa = PBXBuildFile; fileRef = 7E7CE6FD298579A00088387E /* PlaceDetailViewController.swift */; };
		7E7CE700298583610088387E /* String+Extension.swift in Sources */ = {isa = PBXBuildFile; fileRef = 7E7CE6FF298583610088387E /* String+Extension.swift */; };
		7EF288F129853BBC00B5AA2D /* AppDelegate.swift in Sources */ = {isa = PBXBuildFile; fileRef = 7EF288F029853BBC00B5AA2D /* AppDelegate.swift */; };
		7EF288F329853BBC00B5AA2D /* SceneDelegate.swift in Sources */ = {isa = PBXBuildFile; fileRef = 7EF288F229853BBC00B5AA2D /* SceneDelegate.swift */; };
		7EF288F529853BBC00B5AA2D /* ViewController.swift in Sources */ = {isa = PBXBuildFile; fileRef = 7EF288F429853BBC00B5AA2D /* ViewController.swift */; };
		7EF288F829853BBC00B5AA2D /* Main.storyboard in Resources */ = {isa = PBXBuildFile; fileRef = 7EF288F629853BBC00B5AA2D /* Main.storyboard */; };
		7EF288FA29853BBD00B5AA2D /* Assets.xcassets in Resources */ = {isa = PBXBuildFile; fileRef = 7EF288F929853BBD00B5AA2D /* Assets.xcassets */; };
		7EF288FD29853BBD00B5AA2D /* LaunchScreen.storyboard in Resources */ = {isa = PBXBuildFile; fileRef = 7EF288FB29853BBD00B5AA2D /* LaunchScreen.storyboard */; };
/* End PBXBuildFile section */

/* Begin PBXFileReference section */
		7E7CE6F229855E870088387E /* PlaceAnnotation.swift */ = {isa = PBXFileReference; lastKnownFileType = sourcecode.swift; path = PlaceAnnotation.swift; sourceTree = "<group>"; };
		7E7CE6F8298560DC0088387E /* CLLocation+Extension.swift */ = {isa = PBXFileReference; lastKnownFileType = sourcecode.swift; path = "CLLocation+Extension.swift"; sourceTree = "<group>"; };
		7E7CE6FB298566830088387E /* PlacesTableViewController.swift */ = {isa = PBXFileReference; lastKnownFileType = sourcecode.swift; path = PlacesTableViewController.swift; sourceTree = "<group>"; };
		7E7CE6FD298579A00088387E /* PlaceDetailViewController.swift */ = {isa = PBXFileReference; lastKnownFileType = sourcecode.swift; path = PlaceDetailViewController.swift; sourceTree = "<group>"; };
		7E7CE6FF298583610088387E /* String+Extension.swift */ = {isa = PBXFileReference; lastKnownFileType = sourcecode.swift; path = "String+Extension.swift"; sourceTree = "<group>"; };
		7EF288ED29853BBC00B5AA2D /* Proximate.app */ = {isa = PBXFileReference; explicitFileType = wrapper.application; includeInIndex = 0; path = Proximate.app; sourceTree = BUILT_PRODUCTS_DIR; };
		7EF288F029853BBC00B5AA2D /* AppDelegate.swift */ = {isa = PBXFileReference; lastKnownFileType = sourcecode.swift; path = AppDelegate.swift; sourceTree = "<group>"; };
		7EF288F229853BBC00B5AA2D /* SceneDelegate.swift */ = {isa = PBXFileReference; lastKnownFileType = sourcecode.swift; path = SceneDelegate.swift; sourceTree = "<group>"; };
		7EF288F429853BBC00B5AA2D /* ViewController.swift */ = {isa = PBXFileReference; lastKnownFileType = sourcecode.swift; path = ViewController.swift; sourceTree = "<group>"; };
		7EF288F729853BBC00B5AA2D /* Base */ = {isa = PBXFileReference; lastKnownFileType = file.storyboard; name = Base; path = Base.lproj/Main.storyboard; sourceTree = "<group>"; };
		7EF288F929853BBD00B5AA2D /* Assets.xcassets */ = {isa = PBXFileReference; lastKnownFileType = folder.assetcatalog; path = Assets.xcassets; sourceTree = "<group>"; };
		7EF288FC29853BBD00B5AA2D /* Base */ = {isa = PBXFileReference; lastKnownFileType = file.storyboard; name = Base; path = Base.lproj/LaunchScreen.storyboard; sourceTree = "<group>"; };
		7EF288FE29853BBD00B5AA2D /* Info.plist */ = {isa = PBXFileReference; lastKnownFileType = text.plist.xml; path = Info.plist; sourceTree = "<group>"; };
/* End PBXFileReference section */

/* Begin PBXFrameworksBuildPhase section */
		7EF288EA29853BBC00B5AA2D /* Frameworks */ = {
			isa = PBXFrameworksBuildPhase;
			buildActionMask = 2147483647;
			files = (
			);
			runOnlyForDeploymentPostprocessing = 0;
		};
/* End PBXFrameworksBuildPhase section */

/* Begin PBXGroup section */
		7E7CE6F429855E8D0088387E /* Annotation */ = {
			isa = PBXGroup;
			children = (
				7E7CE6F229855E870088387E /* PlaceAnnotation.swift */,
			);
			path = Annotation;
			sourceTree = "<group>";
		};
		7E7CE6F529855FFF0088387E /* Extension */ = {
			isa = PBXGroup;
			children = (
				7E7CE6F8298560DC0088387E /* CLLocation+Extension.swift */,
				7E7CE6FF298583610088387E /* String+Extension.swift */,
			);
			path = Extension;
			sourceTree = "<group>";
		};
		7E7CE6FA298566740088387E /* Controllers */ = {
			isa = PBXGroup;
			children = (
				7E7CE6FB298566830088387E /* PlacesTableViewController.swift */,
				7E7CE6FD298579A00088387E /* PlaceDetailViewController.swift */,
			);
			path = Controllers;
			sourceTree = "<group>";
		};
		7EF288E429853BBC00B5AA2D = {
			isa = PBXGroup;
			children = (
				7EF288EF29853BBC00B5AA2D /* Proximate */,
				7EF288EE29853BBC00B5AA2D /* Products */,
			);
			sourceTree = "<group>";
		};
		7EF288EE29853BBC00B5AA2D /* Products */ = {
			isa = PBXGroup;
			children = (
				7EF288ED29853BBC00B5AA2D /* Proximate.app */,
			);
			name = Products;
			sourceTree = "<group>";
		};
		7EF288EF29853BBC00B5AA2D /* Proximate */ = {
			isa = PBXGroup;
			children = (
				7E7CE6FA298566740088387E /* Controllers */,
				7E7CE6F529855FFF0088387E /* Extension */,
				7E7CE6F429855E8D0088387E /* Annotation */,
				7EF288F029853BBC00B5AA2D /* AppDelegate.swift */,
				7EF288F229853BBC00B5AA2D /* SceneDelegate.swift */,
				7EF288F429853BBC00B5AA2D /* ViewController.swift */,
				7EF288F629853BBC00B5AA2D /* Main.storyboard */,
				7EF288F929853BBD00B5AA2D /* Assets.xcassets */,
				7EF288FB29853BBD00B5AA2D /* LaunchScreen.storyboard */,
				7EF288FE29853BBD00B5AA2D /* Info.plist */,
			);
			path = Proximate;
			sourceTree = "<group>";
		};
/* End PBXGroup section */

/* Begin PBXNativeTarget section */
		7EF288EC29853BBC00B5AA2D /* Proximate */ = {
			isa = PBXNativeTarget;
			buildConfigurationList = 7EF2890129853BBD00B5AA2D /* Build configuration list for PBXNativeTarget "Proximate" */;
			buildPhases = (
				7EF288E929853BBC00B5AA2D /* Sources */,
				7EF288EA29853BBC00B5AA2D /* Frameworks */,
				7EF288EB29853BBC00B5AA2D /* Resources */,
			);
			buildRules = (
			);
			dependencies = (
			);
			name = Proximate;
			productName = Proximate;
			productReference = 7EF288ED29853BBC00B5AA2D /* Proximate.app */;
			productType = "com.apple.product-type.application";
		};
/* End PBXNativeTarget section */

/* Begin PBXProject section */
		7EF288E529853BBC00B5AA2D /* Project object */ = {
			isa = PBXProject;
			attributes = {
				BuildIndependentTargetsInParallel = 1;
				LastSwiftUpdateCheck = 1420;
				LastUpgradeCheck = 1420;
				TargetAttributes = {
					7EF288EC29853BBC00B5AA2D = {
						CreatedOnToolsVersion = 14.2;
					};
				};
			};
			buildConfigurationList = 7EF288E829853BBC00B5AA2D /* Build configuration list for PBXProject "Proximate" */;
			compatibilityVersion = "Xcode 14.0";
			developmentRegion = en;
			hasScannedForEncodings = 0;
			knownRegions = (
				en,
				Base,
			);
			mainGroup = 7EF288E429853BBC00B5AA2D;
			productRefGroup = 7EF288EE29853BBC00B5AA2D /* Products */;
			projectDirPath = "";
			projectRoot = "";
			targets = (
				7EF288EC29853BBC00B5AA2D /* Proximate */,
			);
		};
/* End PBXProject section */

/* Begin PBXResourcesBuildPhase section */
		7EF288EB29853BBC00B5AA2D /* Resources */ = {
			isa = PBXResourcesBuildPhase;
			buildActionMask = 2147483647;
			files = (
				7EF288FD29853BBD00B5AA2D /* LaunchScreen.storyboard in Resources */,
				7EF288FA29853BBD00B5AA2D /* Assets.xcassets in Resources */,
				7EF288F829853BBC00B5AA2D /* Main.storyboard in Resources */,
			);
			runOnlyForDeploymentPostprocessing = 0;
		};
/* End PBXResourcesBuildPhase section */

/* Begin PBXSourcesBuildPhase section */
		7EF288E929853BBC00B5AA2D /* Sources */ = {
			isa = PBXSourcesBuildPhase;
			buildActionMask = 2147483647;
			files = (
				7E7CE700298583610088387E /* String+Extension.swift in Sources */,
				7E7CE6F329855E870088387E /* PlaceAnnotation.swift in Sources */,
				7EF288F529853BBC00B5AA2D /* ViewController.swift in Sources */,
				7E7CE6FE298579A00088387E /* PlaceDetailViewController.swift in Sources */,
				7EF288F129853BBC00B5AA2D /* AppDelegate.swift in Sources */,
				7EF288F329853BBC00B5AA2D /* SceneDelegate.swift in Sources */,
				7E7CE6F9298560DC0088387E /* CLLocation+Extension.swift in Sources */,
				7E7CE6FC298566830088387E /* PlacesTableViewController.swift in Sources */,
			);
			runOnlyForDeploymentPostprocessing = 0;
		};
/* End PBXSourcesBuildPhase section */

/* Begin PBXVariantGroup section */
		7EF288F629853BBC00B5AA2D /* Main.storyboard */ = {
			isa = PBXVariantGroup;
			children = (
				7EF288F729853BBC00B5AA2D /* Base */,
			);
			name = Main.storyboard;
			sourceTree = "<group>";
		};
		7EF288FB29853BBD00B5AA2D /* LaunchScreen.storyboard */ = {
			isa = PBXVariantGroup;
			children = (
				7EF288FC29853BBD00B5AA2D /* Base */,
			);
			name = LaunchScreen.storyboard;
			sourceTree = "<group>";
		};
/* End PBXVariantGroup section */

/* Begin XCBuildConfiguration section */
		7EF288FF29853BBD00B5AA2D /* Debug */ = {
			isa = XCBuildConfiguration;
			buildSettings = {
				ALWAYS_SEARCH_USER_PATHS = NO;
				CLANG_ANALYZER_NONNULL = YES;
				CLANG_ANALYZER_NUMBER_OBJECT_CONVERSION = YES_AGGRESSIVE;
				CLANG_CXX_LANGUAGE_STANDARD = "gnu++20";
				CLANG_ENABLE_MODULES = YES;
				CLANG_ENABLE_OBJC_ARC = YES;
				CLANG_ENABLE_OBJC_WEAK = YES;
				CLANG_WARN_BLOCK_CAPTURE_AUTORELEASING = YES;
				CLANG_WARN_BOOL_CONVERSION = YES;
				CLANG_WARN_COMMA = YES;
				CLANG_WARN_CONSTANT_CONVERSION = YES;
				CLANG_WARN_DEPRECATED_OBJC_IMPLEMENTATIONS = YES;
				CLANG_WARN_DIRECT_OBJC_ISA_USAGE = YES_ERROR;
				CLANG_WARN_DOCUMENTATION_COMMENTS = YES;
				CLANG_WARN_EMPTY_BODY = YES;
				CLANG_WARN_ENUM_CONVERSION = YES;
				CLANG_WARN_INFINITE_RECURSION = YES;
				CLANG_WARN_INT_CONVERSION = YES;
				CLANG_WARN_NON_LITERAL_NULL_CONVERSION = YES;
				CLANG_WARN_OBJC_IMPLICIT_RETAIN_SELF = YES;
				CLANG_WARN_OBJC_LITERAL_CONVERSION = YES;
				CLANG_WARN_OBJC_ROOT_CLASS = YES_ERROR;
				CLANG_WARN_QUOTED_INCLUDE_IN_FRAMEWORK_HEADER = YES;
				CLANG_WARN_RANGE_LOOP_ANALYSIS = YES;
				CLANG_WARN_STRICT_PROTOTYPES = YES;
				CLANG_WARN_SUSPICIOUS_MOVE = YES;
				CLANG_WARN_UNGUARDED_AVAILABILITY = YES_AGGRESSIVE;
				CLANG_WARN_UNREACHABLE_CODE = YES;
				CLANG_WARN__DUPLICATE_METHOD_MATCH = YES;
				COPY_PHASE_STRIP = NO;
				DEBUG_INFORMATION_FORMAT = dwarf;
				ENABLE_STRICT_OBJC_MSGSEND = YES;
				ENABLE_TESTABILITY = YES;
				GCC_C_LANGUAGE_STANDARD = gnu11;
				GCC_DYNAMIC_NO_PIC = NO;
				GCC_NO_COMMON_BLOCKS = YES;
				GCC_OPTIMIZATION_LEVEL = 0;
				GCC_PREPROCESSOR_DEFINITIONS = (
					"DEBUG=1",
					"$(inherited)",
				);
				GCC_WARN_64_TO_32_BIT_CONVERSION = YES;
				GCC_WARN_ABOUT_RETURN_TYPE = YES_ERROR;
				GCC_WARN_UNDECLARED_SELECTOR = YES;
				GCC_WARN_UNINITIALIZED_AUTOS = YES_AGGRESSIVE;
				GCC_WARN_UNUSED_FUNCTION = YES;
				GCC_WARN_UNUSED_VARIABLE = YES;
				IPHONEOS_DEPLOYMENT_TARGET = 16.2;
				MTL_ENABLE_DEBUG_INFO = INCLUDE_SOURCE;
				MTL_FAST_MATH = YES;
				ONLY_ACTIVE_ARCH = YES;
				SDKROOT = iphoneos;
				SWIFT_ACTIVE_COMPILATION_CONDITIONS = DEBUG;
				SWIFT_OPTIMIZATION_LEVEL = "-Onone";
			};
			name = Debug;
		};
		7EF2890029853BBD00B5AA2D /* Release */ = {
			isa = XCBuildConfiguration;
			buildSettings = {
				ALWAYS_SEARCH_USER_PATHS = NO;
				CLANG_ANALYZER_NONNULL = YES;
				CLANG_ANALYZER_NUMBER_OBJECT_CONVERSION = YES_AGGRESSIVE;
				CLANG_CXX_LANGUAGE_STANDARD = "gnu++20";
				CLANG_ENABLE_MODULES = YES;
				CLANG_ENABLE_OBJC_ARC = YES;
				CLANG_ENABLE_OBJC_WEAK = YES;
				CLANG_WARN_BLOCK_CAPTURE_AUTORELEASING = YES;
				CLANG_WARN_BOOL_CONVERSION = YES;
				CLANG_WARN_COMMA = YES;
				CLANG_WARN_CONSTANT_CONVERSION = YES;
				CLANG_WARN_DEPRECATED_OBJC_IMPLEMENTATIONS = YES;
				CLANG_WARN_DIRECT_OBJC_ISA_USAGE = YES_ERROR;
				CLANG_WARN_DOCUMENTATION_COMMENTS = YES;
				CLANG_WARN_EMPTY_BODY = YES;
				CLANG_WARN_ENUM_CONVERSION = YES;
				CLANG_WARN_INFINITE_RECURSION = YES;
				CLANG_WARN_INT_CONVERSION = YES;
				CLANG_WARN_NON_LITERAL_NULL_CONVERSION = YES;
				CLANG_WARN_OBJC_IMPLICIT_RETAIN_SELF = YES;
				CLANG_WARN_OBJC_LITERAL_CONVERSION = YES;
				CLANG_WARN_OBJC_ROOT_CLASS = YES_ERROR;
				CLANG_WARN_QUOTED_INCLUDE_IN_FRAMEWORK_HEADER = YES;
				CLANG_WARN_RANGE_LOOP_ANALYSIS = YES;
				CLANG_WARN_STRICT_PROTOTYPES = YES;
				CLANG_WARN_SUSPICIOUS_MOVE = YES;
				CLANG_WARN_UNGUARDED_AVAILABILITY = YES_AGGRESSIVE;
				CLANG_WARN_UNREACHABLE_CODE = YES;
				CLANG_WARN__DUPLICATE_METHOD_MATCH = YES;
				COPY_PHASE_STRIP = NO;
				DEBUG_INFORMATION_FORMAT = "dwarf-with-dsym";
				ENABLE_NS_ASSERTIONS = NO;
				ENABLE_STRICT_OBJC_MSGSEND = YES;
				GCC_C_LANGUAGE_STANDARD = gnu11;
				GCC_NO_COMMON_BLOCKS = YES;
				GCC_WARN_64_TO_32_BIT_CONVERSION = YES;
				GCC_WARN_ABOUT_RETURN_TYPE = YES_ERROR;
				GCC_WARN_UNDECLARED_SELECTOR = YES;
				GCC_WARN_UNINITIALIZED_AUTOS = YES_AGGRESSIVE;
				GCC_WARN_UNUSED_FUNCTION = YES;
				GCC_WARN_UNUSED_VARIABLE = YES;
				IPHONEOS_DEPLOYMENT_TARGET = 16.2;
				MTL_ENABLE_DEBUG_INFO = NO;
				MTL_FAST_MATH = YES;
				SDKROOT = iphoneos;
				SWIFT_COMPILATION_MODE = wholemodule;
				SWIFT_OPTIMIZATION_LEVEL = "-O";
				VALIDATE_PRODUCT = YES;
			};
			name = Release;
		};
		7EF2890229853BBD00B5AA2D /* Debug */ = {
			isa = XCBuildConfiguration;
			buildSettings = {
				ASSETCATALOG_COMPILER_APPICON_NAME = AppIcon;
				ASSETCATALOG_COMPILER_GLOBAL_ACCENT_COLOR_NAME = AccentColor;
				CODE_SIGN_STYLE = Automatic;
				CURRENT_PROJECT_VERSION = 1;
				DEVELOPMENT_TEAM = 3F8C4P2T95;
				GENERATE_INFOPLIST_FILE = YES;
				INFOPLIST_FILE = Proximate/Info.plist;
				INFOPLIST_KEY_NSLocationWhenInUseUsageDescription = "Proximate requires location so it can offer nearby point of interests.";
				INFOPLIST_KEY_UIApplicationSupportsIndirectInputEvents = YES;
				INFOPLIST_KEY_UILaunchStoryboardName = LaunchScreen;
				INFOPLIST_KEY_UISupportedInterfaceOrientations_iPad = "UIInterfaceOrientationPortrait UIInterfaceOrientationPortraitUpsideDown UIInterfaceOrientationLandscapeLeft UIInterfaceOrientationLandscapeRight";
				INFOPLIST_KEY_UISupportedInterfaceOrientations_iPhone = "UIInterfaceOrientationPortrait UIInterfaceOrientationLandscapeLeft UIInterfaceOrientationLandscapeRight";
				IPHONEOS_DEPLOYMENT_TARGET = 15.0;
				LD_RUNPATH_SEARCH_PATHS = (
					"$(inherited)",
					"@executable_path/Frameworks",
				);
				MARKETING_VERSION = 1.0;
				PRODUCT_BUNDLE_IDENTIFIER = com.rivaldofez.Proximate;
				PRODUCT_NAME = "$(TARGET_NAME)";
				SWIFT_EMIT_LOC_STRINGS = YES;
				SWIFT_VERSION = 5.0;
				TARGETED_DEVICE_FAMILY = "1,2";
			};
			name = Debug;
		};
		7EF2890329853BBD00B5AA2D /* Release */ = {
			isa = XCBuildConfiguration;
			buildSettings = {
				ASSETCATALOG_COMPILER_APPICON_NAME = AppIcon;
				ASSETCATALOG_COMPILER_GLOBAL_ACCENT_COLOR_NAME = AccentColor;
				CODE_SIGN_STYLE = Automatic;
				CURRENT_PROJECT_VERSION = 1;
				DEVELOPMENT_TEAM = 3F8C4P2T95;
				GENERATE_INFOPLIST_FILE = YES;
				INFOPLIST_FILE = Proximate/Info.plist;
				INFOPLIST_KEY_NSLocationWhenInUseUsageDescription = "Proximate requires location so it can offer nearby point of interests.";
				INFOPLIST_KEY_UIApplicationSupportsIndirectInputEvents = YES;
				INFOPLIST_KEY_UILaunchStoryboardName = LaunchScreen;
				INFOPLIST_KEY_UISupportedInterfaceOrientations_iPad = "UIInterfaceOrientationPortrait UIInterfaceOrientationPortraitUpsideDown UIInterfaceOrientationLandscapeLeft UIInterfaceOrientationLandscapeRight";
				INFOPLIST_KEY_UISupportedInterfaceOrientations_iPhone = "UIInterfaceOrientationPortrait UIInterfaceOrientationLandscapeLeft UIInterfaceOrientationLandscapeRight";
				IPHONEOS_DEPLOYMENT_TARGET = 15.0;
				LD_RUNPATH_SEARCH_PATHS = (
					"$(inherited)",
					"@executable_path/Frameworks",
				);
				MARKETING_VERSION = 1.0;
				PRODUCT_BUNDLE_IDENTIFIER = com.rivaldofez.Proximate;
				PRODUCT_NAME = "$(TARGET_NAME)";
				SWIFT_EMIT_LOC_STRINGS = YES;
				SWIFT_VERSION = 5.0;
				TARGETED_DEVICE_FAMILY = "1,2";
			};
			name = Release;
		};
/* End XCBuildConfiguration section */

/* Begin XCConfigurationList section */
		7EF288E829853BBC00B5AA2D /* Build configuration list for PBXProject "Proximate" */ = {
			isa = XCConfigurationList;
			buildConfigurations = (
				7EF288FF29853BBD00B5AA2D /* Debug */,
				7EF2890029853BBD00B5AA2D /* Release */,
			);
			defaultConfigurationIsVisible = 0;
			defaultConfigurationName = Release;
		};
		7EF2890129853BBD00B5AA2D /* Build configuration list for PBXNativeTarget "Proximate" */ = {
			isa = XCConfigurationList;
			buildConfigurations = (
				7EF2890229853BBD00B5AA2D /* Debug */,
				7EF2890329853BBD00B5AA2D /* Release */,
			);
			defaultConfigurationIsVisible = 0;
			defaultConfigurationName = Release;
		};
/* End XCConfigurationList section */
	};
	rootObject = 7EF288E529853BBC00B5AA2D /* Project object */;
}
